// !$*UTF8*$!
{
	archiveVersion = 1;
	classes = {
	};
	objectVersion = 50;
	objects = {

/* Begin PBXBuildFile section */
		749B9F6025232CD500C78D8F /* OnTheMapModel.swift in Sources */ = {isa = PBXBuildFile; fileRef = 749B9F5F25232CD500C78D8F /* OnTheMapModel.swift */; };
		749B9F632523D94700C78D8F /* StudentLocationsResponse.swift in Sources */ = {isa = PBXBuildFile; fileRef = 749B9F622523D94700C78D8F /* StudentLocationsResponse.swift */; };
		749B9F652523D9D600C78D8F /* StudentLocation.swift in Sources */ = {isa = PBXBuildFile; fileRef = 749B9F642523D9D600C78D8F /* StudentLocation.swift */; };
		749B9F67252454E700C78D8F /* MapViewController.swift in Sources */ = {isa = PBXBuildFile; fileRef = 749B9F66252454E700C78D8F /* MapViewController.swift */; };
		749B9F6925248F4A00C78D8F /* TableViewController.swift in Sources */ = {isa = PBXBuildFile; fileRef = 749B9F6825248F4A00C78D8F /* TableViewController.swift */; };
		749B9F6D2527A76700C78D8F /* UIViewController+Extension.swift in Sources */ = {isa = PBXBuildFile; fileRef = 749B9F6C2527A76700C78D8F /* UIViewController+Extension.swift */; };
		749B9F6F2527B3B500C78D8F /* AddLocationViewController.swift in Sources */ = {isa = PBXBuildFile; fileRef = 749B9F6E2527B3B500C78D8F /* AddLocationViewController.swift */; };
		749B9F712527B4F900C78D8F /* FinishAddLocationViewController.swift in Sources */ = {isa = PBXBuildFile; fileRef = 749B9F702527B4F900C78D8F /* FinishAddLocationViewController.swift */; };
		749B9F73252D1AC600C78D8F /* PostLocationResponse.swift in Sources */ = {isa = PBXBuildFile; fileRef = 749B9F72252D1AC600C78D8F /* PostLocationResponse.swift */; };
		749B9F75252D1C9D00C78D8F /* PostLocationRequest.swift in Sources */ = {isa = PBXBuildFile; fileRef = 749B9F74252D1C9D00C78D8F /* PostLocationRequest.swift */; };
		74A6F2F5251E874200CEEC9A /* AppDelegate.swift in Sources */ = {isa = PBXBuildFile; fileRef = 74A6F2F4251E874200CEEC9A /* AppDelegate.swift */; };
		74A6F2F7251E874200CEEC9A /* SceneDelegate.swift in Sources */ = {isa = PBXBuildFile; fileRef = 74A6F2F6251E874200CEEC9A /* SceneDelegate.swift */; };
		74A6F2F9251E874200CEEC9A /* LoginViewController.swift in Sources */ = {isa = PBXBuildFile; fileRef = 74A6F2F8251E874200CEEC9A /* LoginViewController.swift */; };
		74A6F2FC251E874200CEEC9A /* Main.storyboard in Resources */ = {isa = PBXBuildFile; fileRef = 74A6F2FA251E874200CEEC9A /* Main.storyboard */; };
		74A6F2FE251E874900CEEC9A /* Assets.xcassets in Resources */ = {isa = PBXBuildFile; fileRef = 74A6F2FD251E874900CEEC9A /* Assets.xcassets */; };
		74A6F301251E874900CEEC9A /* LaunchScreen.storyboard in Resources */ = {isa = PBXBuildFile; fileRef = 74A6F2FF251E874900CEEC9A /* LaunchScreen.storyboard */; };
		74A6F3092520C36800CEEC9A /* UdacityClient.swift in Sources */ = {isa = PBXBuildFile; fileRef = 74A6F3082520C36800CEEC9A /* UdacityClient.swift */; };
		74A6F30B2520C41400CEEC9A /* UdacitySessionResponse.swift in Sources */ = {isa = PBXBuildFile; fileRef = 74A6F30A2520C41400CEEC9A /* UdacitySessionResponse.swift */; };
		74A6F311252117B900CEEC9A /* UdacitySessionRequest.swift in Sources */ = {isa = PBXBuildFile; fileRef = 74A6F310252117B900CEEC9A /* UdacitySessionRequest.swift */; };
		74C781FC25332B3A009AA6D3 /* UdacityErrorResponse.swift in Sources */ = {isa = PBXBuildFile; fileRef = 74C781FB25332B3A009AA6D3 /* UdacityErrorResponse.swift */; };
/* End PBXBuildFile section */

/* Begin PBXFileReference section */
		749B9F5F25232CD500C78D8F /* OnTheMapModel.swift */ = {isa = PBXFileReference; lastKnownFileType = sourcecode.swift; path = OnTheMapModel.swift; sourceTree = "<group>"; };
		749B9F622523D94700C78D8F /* StudentLocationsResponse.swift */ = {isa = PBXFileReference; lastKnownFileType = sourcecode.swift; path = StudentLocationsResponse.swift; sourceTree = "<group>"; };
		749B9F642523D9D600C78D8F /* StudentLocation.swift */ = {isa = PBXFileReference; lastKnownFileType = sourcecode.swift; path = StudentLocation.swift; sourceTree = "<group>"; };
		749B9F66252454E700C78D8F /* MapViewController.swift */ = {isa = PBXFileReference; lastKnownFileType = sourcecode.swift; path = MapViewController.swift; sourceTree = "<group>"; };
		749B9F6825248F4A00C78D8F /* TableViewController.swift */ = {isa = PBXFileReference; lastKnownFileType = sourcecode.swift; path = TableViewController.swift; sourceTree = "<group>"; };
		749B9F6C2527A76700C78D8F /* UIViewController+Extension.swift */ = {isa = PBXFileReference; lastKnownFileType = sourcecode.swift; path = "UIViewController+Extension.swift"; sourceTree = "<group>"; };
		749B9F6E2527B3B500C78D8F /* AddLocationViewController.swift */ = {isa = PBXFileReference; lastKnownFileType = sourcecode.swift; path = AddLocationViewController.swift; sourceTree = "<group>"; };
		749B9F702527B4F900C78D8F /* FinishAddLocationViewController.swift */ = {isa = PBXFileReference; lastKnownFileType = sourcecode.swift; path = FinishAddLocationViewController.swift; sourceTree = "<group>"; };
		749B9F72252D1AC600C78D8F /* PostLocationResponse.swift */ = {isa = PBXFileReference; lastKnownFileType = sourcecode.swift; path = PostLocationResponse.swift; sourceTree = "<group>"; };
		749B9F74252D1C9D00C78D8F /* PostLocationRequest.swift */ = {isa = PBXFileReference; lastKnownFileType = sourcecode.swift; path = PostLocationRequest.swift; sourceTree = "<group>"; };
		74A6F2F1251E874200CEEC9A /* OnTheMap.app */ = {isa = PBXFileReference; explicitFileType = wrapper.application; includeInIndex = 0; path = OnTheMap.app; sourceTree = BUILT_PRODUCTS_DIR; };
		74A6F2F4251E874200CEEC9A /* AppDelegate.swift */ = {isa = PBXFileReference; lastKnownFileType = sourcecode.swift; path = AppDelegate.swift; sourceTree = "<group>"; };
		74A6F2F6251E874200CEEC9A /* SceneDelegate.swift */ = {isa = PBXFileReference; lastKnownFileType = sourcecode.swift; path = SceneDelegate.swift; sourceTree = "<group>"; };
		74A6F2F8251E874200CEEC9A /* LoginViewController.swift */ = {isa = PBXFileReference; lastKnownFileType = sourcecode.swift; path = LoginViewController.swift; sourceTree = "<group>"; };
		74A6F2FB251E874200CEEC9A /* Base */ = {isa = PBXFileReference; lastKnownFileType = file.storyboard; name = Base; path = Base.lproj/Main.storyboard; sourceTree = "<group>"; };
		74A6F2FD251E874900CEEC9A /* Assets.xcassets */ = {isa = PBXFileReference; lastKnownFileType = folder.assetcatalog; path = Assets.xcassets; sourceTree = "<group>"; };
		74A6F300251E874900CEEC9A /* Base */ = {isa = PBXFileReference; lastKnownFileType = file.storyboard; name = Base; path = Base.lproj/LaunchScreen.storyboard; sourceTree = "<group>"; };
		74A6F302251E874900CEEC9A /* Info.plist */ = {isa = PBXFileReference; lastKnownFileType = text.plist.xml; path = Info.plist; sourceTree = "<group>"; };
		74A6F3082520C36800CEEC9A /* UdacityClient.swift */ = {isa = PBXFileReference; lastKnownFileType = sourcecode.swift; path = UdacityClient.swift; sourceTree = "<group>"; };
		74A6F30A2520C41400CEEC9A /* UdacitySessionResponse.swift */ = {isa = PBXFileReference; lastKnownFileType = sourcecode.swift; path = UdacitySessionResponse.swift; sourceTree = "<group>"; };
		74A6F310252117B900CEEC9A /* UdacitySessionRequest.swift */ = {isa = PBXFileReference; lastKnownFileType = sourcecode.swift; path = UdacitySessionRequest.swift; sourceTree = "<group>"; };
		74C781FB25332B3A009AA6D3 /* UdacityErrorResponse.swift */ = {isa = PBXFileReference; lastKnownFileType = sourcecode.swift; path = UdacityErrorResponse.swift; sourceTree = "<group>"; };
/* End PBXFileReference section */

/* Begin PBXFrameworksBuildPhase section */
		74A6F2EE251E874200CEEC9A /* Frameworks */ = {
			isa = PBXFrameworksBuildPhase;
			buildActionMask = 2147483647;
			files = (
			);
			runOnlyForDeploymentPostprocessing = 0;
		};
/* End PBXFrameworksBuildPhase section */

/* Begin PBXGroup section */
		749B9F5E25232C3000C78D8F /* Data */ = {
			isa = PBXGroup;
			children = (
				749B9F5F25232CD500C78D8F /* OnTheMapModel.swift */,
			);
			path = Data;
			sourceTree = "<group>";
		};
		74A6F2E8251E874200CEEC9A = {
			isa = PBXGroup;
			children = (
				74A6F2F3251E874200CEEC9A /* OnTheMap */,
				74A6F2F2251E874200CEEC9A /* Products */,
			);
			sourceTree = "<group>";
		};
		74A6F2F2251E874200CEEC9A /* Products */ = {
			isa = PBXGroup;
			children = (
				74A6F2F1251E874200CEEC9A /* OnTheMap.app */,
			);
			name = Products;
			sourceTree = "<group>";
		};
		74A6F2F3251E874200CEEC9A /* OnTheMap */ = {
			isa = PBXGroup;
			children = (
				74A6F2F4251E874200CEEC9A /* AppDelegate.swift */,
				74A6F2F6251E874200CEEC9A /* SceneDelegate.swift */,
				749B9F5E25232C3000C78D8F /* Data */,
				74A6F3162521BA2900CEEC9A /* Controller */,
				74A6F3142521B9F100CEEC9A /* Model */,
				74A6F3152521BA0F00CEEC9A /* Assets */,
				74A6F302251E874900CEEC9A /* Info.plist */,
			);
			path = OnTheMap;
			sourceTree = "<group>";
		};
		74A6F3142521B9F100CEEC9A /* Model */ = {
			isa = PBXGroup;
			children = (
				74A6F3082520C36800CEEC9A /* UdacityClient.swift */,
				749B9F72252D1AC600C78D8F /* PostLocationResponse.swift */,
				749B9F622523D94700C78D8F /* StudentLocationsResponse.swift */,
				749B9F642523D9D600C78D8F /* StudentLocation.swift */,
				749B9F74252D1C9D00C78D8F /* PostLocationRequest.swift */,
				74A6F30A2520C41400CEEC9A /* UdacitySessionResponse.swift */,
				74A6F310252117B900CEEC9A /* UdacitySessionRequest.swift */,
				74C781FB25332B3A009AA6D3 /* UdacityErrorResponse.swift */,
			);
			path = Model;
			sourceTree = "<group>";
		};
		74A6F3152521BA0F00CEEC9A /* Assets */ = {
			isa = PBXGroup;
			children = (
				74A6F2FA251E874200CEEC9A /* Main.storyboard */,
				74A6F2FD251E874900CEEC9A /* Assets.xcassets */,
				74A6F2FF251E874900CEEC9A /* LaunchScreen.storyboard */,
			);
			path = Assets;
			sourceTree = "<group>";
		};
		74A6F3162521BA2900CEEC9A /* Controller */ = {
			isa = PBXGroup;
			children = (
				749B9F66252454E700C78D8F /* MapViewController.swift */,
				74A6F2F8251E874200CEEC9A /* LoginViewController.swift */,
				749B9F6825248F4A00C78D8F /* TableViewController.swift */,
				749B9F6C2527A76700C78D8F /* UIViewController+Extension.swift */,
				749B9F6E2527B3B500C78D8F /* AddLocationViewController.swift */,
				749B9F702527B4F900C78D8F /* FinishAddLocationViewController.swift */,
			);
			path = Controller;
			sourceTree = "<group>";
		};
/* End PBXGroup section */

/* Begin PBXNativeTarget section */
		74A6F2F0251E874200CEEC9A /* OnTheMap */ = {
			isa = PBXNativeTarget;
			buildConfigurationList = 74A6F305251E874900CEEC9A /* Build configuration list for PBXNativeTarget "OnTheMap" */;
			buildPhases = (
				74A6F2ED251E874200CEEC9A /* Sources */,
				74A6F2EE251E874200CEEC9A /* Frameworks */,
				74A6F2EF251E874200CEEC9A /* Resources */,
			);
			buildRules = (
			);
			dependencies = (
			);
			name = OnTheMap;
			productName = OnTheMap;
			productReference = 74A6F2F1251E874200CEEC9A /* OnTheMap.app */;
			productType = "com.apple.product-type.application";
		};
/* End PBXNativeTarget section */

/* Begin PBXProject section */
		74A6F2E9251E874200CEEC9A /* Project object */ = {
			isa = PBXProject;
			attributes = {
				LastSwiftUpdateCheck = 1170;
				LastUpgradeCheck = 1170;
				ORGANIZATIONNAME = 112358dev;
				TargetAttributes = {
					74A6F2F0251E874200CEEC9A = {
						CreatedOnToolsVersion = 11.7;
					};
				};
			};
			buildConfigurationList = 74A6F2EC251E874200CEEC9A /* Build configuration list for PBXProject "OnTheMap" */;
			compatibilityVersion = "Xcode 9.3";
			developmentRegion = en;
			hasScannedForEncodings = 0;
			knownRegions = (
				en,
				Base,
			);
			mainGroup = 74A6F2E8251E874200CEEC9A;
			productRefGroup = 74A6F2F2251E874200CEEC9A /* Products */;
			projectDirPath = "";
			projectRoot = "";
			targets = (
				74A6F2F0251E874200CEEC9A /* OnTheMap */,
			);
		};
/* End PBXProject section */

/* Begin PBXResourcesBuildPhase section */
		74A6F2EF251E874200CEEC9A /* Resources */ = {
			isa = PBXResourcesBuildPhase;
			buildActionMask = 2147483647;
			files = (
				74A6F301251E874900CEEC9A /* LaunchScreen.storyboard in Resources */,
				74A6F2FE251E874900CEEC9A /* Assets.xcassets in Resources */,
				74A6F2FC251E874200CEEC9A /* Main.storyboard in Resources */,
			);
			runOnlyForDeploymentPostprocessing = 0;
		};
/* End PBXResourcesBuildPhase section */

/* Begin PBXSourcesBuildPhase section */
		74A6F2ED251E874200CEEC9A /* Sources */ = {
			isa = PBXSourcesBuildPhase;
			buildActionMask = 2147483647;
			files = (
				749B9F6D2527A76700C78D8F /* UIViewController+Extension.swift in Sources */,
				749B9F652523D9D600C78D8F /* StudentLocation.swift in Sources */,
				74A6F3092520C36800CEEC9A /* UdacityClient.swift in Sources */,
				74A6F2F9251E874200CEEC9A /* LoginViewController.swift in Sources */,
				74C781FC25332B3A009AA6D3 /* UdacityErrorResponse.swift in Sources */,
				749B9F67252454E700C78D8F /* MapViewController.swift in Sources */,
				749B9F6F2527B3B500C78D8F /* AddLocationViewController.swift in Sources */,
				749B9F6025232CD500C78D8F /* OnTheMapModel.swift in Sources */,
				749B9F632523D94700C78D8F /* StudentLocationsResponse.swift in Sources */,
				749B9F6925248F4A00C78D8F /* TableViewController.swift in Sources */,
				74A6F2F5251E874200CEEC9A /* AppDelegate.swift in Sources */,
				749B9F712527B4F900C78D8F /* FinishAddLocationViewController.swift in Sources */,
				74A6F30B2520C41400CEEC9A /* UdacitySessionResponse.swift in Sources */,
				749B9F75252D1C9D00C78D8F /* PostLocationRequest.swift in Sources */,
				74A6F311252117B900CEEC9A /* UdacitySessionRequest.swift in Sources */,
				74A6F2F7251E874200CEEC9A /* SceneDelegate.swift in Sources */,
				749B9F73252D1AC600C78D8F /* PostLocationResponse.swift in Sources */,
			);
			runOnlyForDeploymentPostprocessing = 0;
		};
/* End PBXSourcesBuildPhase section */

/* Begin PBXVariantGroup section */
		74A6F2FA251E874200CEEC9A /* Main.storyboard */ = {
			isa = PBXVariantGroup;
			children = (
				74A6F2FB251E874200CEEC9A /* Base */,
			);
			name = Main.storyboard;
			sourceTree = "<group>";
		};
		74A6F2FF251E874900CEEC9A /* LaunchScreen.storyboard */ = {
			isa = PBXVariantGroup;
			children = (
				74A6F300251E874900CEEC9A /* Base */,
			);
			name = LaunchScreen.storyboard;
			sourceTree = "<group>";
		};
/* End PBXVariantGroup section */

/* Begin XCBuildConfiguration section */
		74A6F303251E874900CEEC9A /* Debug */ = {
			isa = XCBuildConfiguration;
			buildSettings = {
				ALWAYS_SEARCH_USER_PATHS = NO;
				CLANG_ANALYZER_NONNULL = YES;
				CLANG_ANALYZER_NUMBER_OBJECT_CONVERSION = YES_AGGRESSIVE;
				CLANG_CXX_LANGUAGE_STANDARD = "gnu++14";
				CLANG_CXX_LIBRARY = "libc++";
				CLANG_ENABLE_MODULES = YES;
				CLANG_ENABLE_OBJC_ARC = YES;
				CLANG_ENABLE_OBJC_WEAK = YES;
				CLANG_WARN_BLOCK_CAPTURE_AUTORELEASING = YES;
				CLANG_WARN_BOOL_CONVERSION = YES;
				CLANG_WARN_COMMA = YES;
				CLANG_WARN_CONSTANT_CONVERSION = YES;
				CLANG_WARN_DEPRECATED_OBJC_IMPLEMENTATIONS = YES;
				CLANG_WARN_DIRECT_OBJC_ISA_USAGE = YES_ERROR;
				CLANG_WARN_DOCUMENTATION_COMMENTS = YES;
				CLANG_WARN_EMPTY_BODY = YES;
				CLANG_WARN_ENUM_CONVERSION = YES;
				CLANG_WARN_INFINITE_RECURSION = YES;
				CLANG_WARN_INT_CONVERSION = YES;
				CLANG_WARN_NON_LITERAL_NULL_CONVERSION = YES;
				CLANG_WARN_OBJC_IMPLICIT_RETAIN_SELF = YES;
				CLANG_WARN_OBJC_LITERAL_CONVERSION = YES;
				CLANG_WARN_OBJC_ROOT_CLASS = YES_ERROR;
				CLANG_WARN_RANGE_LOOP_ANALYSIS = YES;
				CLANG_WARN_STRICT_PROTOTYPES = YES;
				CLANG_WARN_SUSPICIOUS_MOVE = YES;
				CLANG_WARN_UNGUARDED_AVAILABILITY = YES_AGGRESSIVE;
				CLANG_WARN_UNREACHABLE_CODE = YES;
				CLANG_WARN__DUPLICATE_METHOD_MATCH = YES;
				COPY_PHASE_STRIP = NO;
				DEBUG_INFORMATION_FORMAT = dwarf;
				ENABLE_STRICT_OBJC_MSGSEND = YES;
				ENABLE_TESTABILITY = YES;
				GCC_C_LANGUAGE_STANDARD = gnu11;
				GCC_DYNAMIC_NO_PIC = NO;
				GCC_NO_COMMON_BLOCKS = YES;
				GCC_OPTIMIZATION_LEVEL = 0;
				GCC_PREPROCESSOR_DEFINITIONS = (
					"DEBUG=1",
					"$(inherited)",
				);
				GCC_WARN_64_TO_32_BIT_CONVERSION = YES;
				GCC_WARN_ABOUT_RETURN_TYPE = YES_ERROR;
				GCC_WARN_UNDECLARED_SELECTOR = YES;
				GCC_WARN_UNINITIALIZED_AUTOS = YES_AGGRESSIVE;
				GCC_WARN_UNUSED_FUNCTION = YES;
				GCC_WARN_UNUSED_VARIABLE = YES;
				IPHONEOS_DEPLOYMENT_TARGET = 13.7;
				MTL_ENABLE_DEBUG_INFO = INCLUDE_SOURCE;
				MTL_FAST_MATH = YES;
				ONLY_ACTIVE_ARCH = YES;
				SDKROOT = iphoneos;
				SWIFT_ACTIVE_COMPILATION_CONDITIONS = DEBUG;
				SWIFT_OPTIMIZATION_LEVEL = "-Onone";
			};
			name = Debug;
		};
		74A6F304251E874900CEEC9A /* Release */ = {
			isa = XCBuildConfiguration;
			buildSettings = {
				ALWAYS_SEARCH_USER_PATHS = NO;
				CLANG_ANALYZER_NONNULL = YES;
				CLANG_ANALYZER_NUMBER_OBJECT_CONVERSION = YES_AGGRESSIVE;
				CLANG_CXX_LANGUAGE_STANDARD = "gnu++14";
				CLANG_CXX_LIBRARY = "libc++";
				CLANG_ENABLE_MODULES = YES;
				CLANG_ENABLE_OBJC_ARC = YES;
				CLANG_ENABLE_OBJC_WEAK = YES;
				CLANG_WARN_BLOCK_CAPTURE_AUTORELEASING = YES;
				CLANG_WARN_BOOL_CONVERSION = YES;
				CLANG_WARN_COMMA = YES;
				CLANG_WARN_CONSTANT_CONVERSION = YES;
				CLANG_WARN_DEPRECATED_OBJC_IMPLEMENTATIONS = YES;
				CLANG_WARN_DIRECT_OBJC_ISA_USAGE = YES_ERROR;
				CLANG_WARN_DOCUMENTATION_COMMENTS = YES;
				CLANG_WARN_EMPTY_BODY = YES;
				CLANG_WARN_ENUM_CONVERSION = YES;
				CLANG_WARN_INFINITE_RECURSION = YES;
				CLANG_WARN_INT_CONVERSION = YES;
				CLANG_WARN_NON_LITERAL_NULL_CONVERSION = YES;
				CLANG_WARN_OBJC_IMPLICIT_RETAIN_SELF = YES;
				CLANG_WARN_OBJC_LITERAL_CONVERSION = YES;
				CLANG_WARN_OBJC_ROOT_CLASS = YES_ERROR;
				CLANG_WARN_RANGE_LOOP_ANALYSIS = YES;
				CLANG_WARN_STRICT_PROTOTYPES = YES;
				CLANG_WARN_SUSPICIOUS_MOVE = YES;
				CLANG_WARN_UNGUARDED_AVAILABILITY = YES_AGGRESSIVE;
				CLANG_WARN_UNREACHABLE_CODE = YES;
				CLANG_WARN__DUPLICATE_METHOD_MATCH = YES;
				COPY_PHASE_STRIP = NO;
				DEBUG_INFORMATION_FORMAT = "dwarf-with-dsym";
				ENABLE_NS_ASSERTIONS = NO;
				ENABLE_STRICT_OBJC_MSGSEND = YES;
				GCC_C_LANGUAGE_STANDARD = gnu11;
				GCC_NO_COMMON_BLOCKS = YES;
				GCC_WARN_64_TO_32_BIT_CONVERSION = YES;
				GCC_WARN_ABOUT_RETURN_TYPE = YES_ERROR;
				GCC_WARN_UNDECLARED_SELECTOR = YES;
				GCC_WARN_UNINITIALIZED_AUTOS = YES_AGGRESSIVE;
				GCC_WARN_UNUSED_FUNCTION = YES;
				GCC_WARN_UNUSED_VARIABLE = YES;
				IPHONEOS_DEPLOYMENT_TARGET = 13.7;
				MTL_ENABLE_DEBUG_INFO = NO;
				MTL_FAST_MATH = YES;
				SDKROOT = iphoneos;
				SWIFT_COMPILATION_MODE = wholemodule;
				SWIFT_OPTIMIZATION_LEVEL = "-O";
				VALIDATE_PRODUCT = YES;
			};
			name = Release;
		};
		74A6F306251E874900CEEC9A /* Debug */ = {
			isa = XCBuildConfiguration;
			buildSettings = {
				ASSETCATALOG_COMPILER_APPICON_NAME = AppIcon;
				CODE_SIGN_STYLE = Automatic;
				INFOPLIST_FILE = OnTheMap/Info.plist;
				LD_RUNPATH_SEARCH_PATHS = (
					"$(inherited)",
					"@executable_path/Frameworks",
				);
				PRODUCT_BUNDLE_IDENTIFIER = com.112358dev.OnTheMap;
				PRODUCT_NAME = "$(TARGET_NAME)";
				SWIFT_VERSION = 5.0;
				TARGETED_DEVICE_FAMILY = "1,2";
			};
			name = Debug;
		};
		74A6F307251E874900CEEC9A /* Release */ = {
			isa = XCBuildConfiguration;
			buildSettings = {
				ASSETCATALOG_COMPILER_APPICON_NAME = AppIcon;
				CODE_SIGN_STYLE = Automatic;
				INFOPLIST_FILE = OnTheMap/Info.plist;
				LD_RUNPATH_SEARCH_PATHS = (
					"$(inherited)",
					"@executable_path/Frameworks",
				);
				PRODUCT_BUNDLE_IDENTIFIER = com.112358dev.OnTheMap;
				PRODUCT_NAME = "$(TARGET_NAME)";
				SWIFT_VERSION = 5.0;
				TARGETED_DEVICE_FAMILY = "1,2";
			};
			name = Release;
		};
/* End XCBuildConfiguration section */

/* Begin XCConfigurationList section */
		74A6F2EC251E874200CEEC9A /* Build configuration list for PBXProject "OnTheMap" */ = {
			isa = XCConfigurationList;
			buildConfigurations = (
				74A6F303251E874900CEEC9A /* Debug */,
				74A6F304251E874900CEEC9A /* Release */,
			);
			defaultConfigurationIsVisible = 0;
			defaultConfigurationName = Release;
		};
		74A6F305251E874900CEEC9A /* Build configuration list for PBXNativeTarget "OnTheMap" */ = {
			isa = XCConfigurationList;
			buildConfigurations = (
				74A6F306251E874900CEEC9A /* Debug */,
				74A6F307251E874900CEEC9A /* Release */,
			);
			defaultConfigurationIsVisible = 0;
			defaultConfigurationName = Release;
		};
/* End XCConfigurationList section */
	};
	rootObject = 74A6F2E9251E874200CEEC9A /* Project object */;
}
